
Microsoft Visual Studio Solution File, Format Version 12.00
# Visual Studio Version 17
VisualStudioVersion = 17.7.34221.43
MinimumVisualStudioVersion = 10.0.40219.1
Project("{2150E333-8FDC-42A3-9474-1A3956D46DE8}") = "1. Enterprise Business Rules", "1. Enterprise Business Rules", "{82129963-D75C-45B5-993B-EB38712D9F0D}"
EndProject
Project("{2150E333-8FDC-42A3-9474-1A3956D46DE8}") = "2. Application Business Rules", "2. Application Business Rules", "{3998899A-EB7E-490D-AF7E-AE63181F4CD0}"
EndProject
Project("{2150E333-8FDC-42A3-9474-1A3956D46DE8}") = "3. Interface Adapters", "3. Interface Adapters", "{AA0C40B2-8BD6-454D-B7C0-AB85F74D4FAC}"
EndProject
Project("{2150E333-8FDC-42A3-9474-1A3956D46DE8}") = "4. Frameworks And Drivers", "4. Frameworks And Drivers", "{5AA20C4F-3365-45BC-AF69-311731E19A61}"
EndProject
Project("{9A19103F-16F7-4668-BE54-9A1E7A4F7556}") = "Northwind.EB.Sales.Entities", "src\Northwind.EB.Sales\Northwind.EB.Sales.Entities.csproj", "{A14AFD6C-AC5A-4C99-8599-38D09E4D871A}"
EndProject
Project("{9A19103F-16F7-4668-BE54-9A1E7A4F7556}") = "Northwind.AB.Sales.Backend.BusinessObjects", "src\Northwind.AB.Sales.Backend.BusinessObjects\Northwind.AB.Sales.Backend.BusinessObjects.csproj", "{6FFA0B15-74D8-4091-A601-12BB9E921660}"
EndProject
Project("{9A19103F-16F7-4668-BE54-9A1E7A4F7556}") = "Northwind.Sales.Backend.UseCases", "src\Northwind.Sales.Backend.UseCases\Northwind.Sales.Backend.UseCases.csproj", "{1DBF5F7E-A1C8-4901-8A01-DC10F94A4D23}"
EndProject
Project("{2150E333-8FDC-42A3-9474-1A3956D46DE8}") = "Tests", "Tests", "{219C58A6-7B3A-46CA-BCD3-E7459D9BE0D3}"
EndProject
Project("{9A19103F-16F7-4668-BE54-9A1E7A4F7556}") = "Northwind.Sales.Backend.UseCases.Test", "tests\Northwind.Sales.Backend.UseCases.Test\Northwind.Sales.Backend.UseCases.Test.csproj", "{E4BFE3A6-5A56-481A-AA80-625730527607}"
EndProject
Project("{2150E333-8FDC-42A3-9474-1A3956D46DE8}") = "Gateways", "Gateways", "{C2F046E6-DCF1-49E2-A0B2-BB2BBB08C223}"
EndProject
Project("{9A19103F-16F7-4668-BE54-9A1E7A4F7556}") = "Northwind.IA.Sales.Gateways.EFCore", "src\Northwind.IA.Sales.Gateways.EFCore\Northwind.IA.Sales.Gateways.EFCore.csproj", "{37284B3D-AB81-4D01-A101-CA8703B76C89}"
EndProject
Project("{2150E333-8FDC-42A3-9474-1A3956D46DE8}") = "Presenters", "Presenters", "{692D5931-370C-4436-AB9B-3BF8D8C98258}"
EndProject
Project("{FAE04EC0-301F-11D3-BF4B-00C04F79EFBC}") = "Northwind.IA.Sales.Backend.Presenters", "src\Northwind.IA.Sales.Backend.Presenters\Northwind.IA.Sales.Backend.Presenters.csproj", "{E19BF24D-4AA3-4D96-98EE-6B8D59E4505F}"
EndProject
Project("{2150E333-8FDC-42A3-9474-1A3956D46DE8}") = "Controllers", "Controllers", "{66B61A9A-B629-4A22-B8D4-9EAE270DDB33}"
EndProject
Project("{FAE04EC0-301F-11D3-BF4B-00C04F79EFBC}") = "Northwind.IA.Sales.Backend.Controllers", "src\Northwind.IA.Sales.Backend.Controllers\Northwind.IA.Sales.Backend.Controllers.csproj", "{6F67340A-8FB0-4F6A-BC34-C87CD80B8835}"
EndProject
Project("{FAE04EC0-301F-11D3-BF4B-00C04F79EFBC}") = "Northwind.IA.Sales.Backend.IoC", "src\Northwind.IA.Sales.Backend.IoC\Northwind.IA.Sales.Backend.IoC.csproj", "{FFB91AB1-6279-417C-AE4A-4909172A5297}"
EndProject
Project("{2150E333-8FDC-42A3-9474-1A3956D46DE8}") = "UIs", "UIs", "{C9250D62-50BF-4B15-9462-A74C2B8A0D89}"
EndProject
Project("{FAE04EC0-301F-11D3-BF4B-00C04F79EFBC}") = "Northwind.FD.Sales.WebApi", "src\Northwind.FD.Sales.WebApi\Northwind.FD.Sales.WebApi.csproj", "{93635542-F616-41E4-B67B-A2BE9113F206}"
EndProject
Global
	GlobalSection(SolutionConfigurationPlatforms) = preSolution
		Debug|Any CPU = Debug|Any CPU
		Release|Any CPU = Release|Any CPU
	EndGlobalSection
	GlobalSection(ProjectConfigurationPlatforms) = postSolution
		{A14AFD6C-AC5A-4C99-8599-38D09E4D871A}.Debug|Any CPU.ActiveCfg = Debug|Any CPU
		{A14AFD6C-AC5A-4C99-8599-38D09E4D871A}.Debug|Any CPU.Build.0 = Debug|Any CPU
		{A14AFD6C-AC5A-4C99-8599-38D09E4D871A}.Release|Any CPU.ActiveCfg = Release|Any CPU
		{A14AFD6C-AC5A-4C99-8599-38D09E4D871A}.Release|Any CPU.Build.0 = Release|Any CPU
		{6FFA0B15-74D8-4091-A601-12BB9E921660}.Debug|Any CPU.ActiveCfg = Debug|Any CPU
		{6FFA0B15-74D8-4091-A601-12BB9E921660}.Debug|Any CPU.Build.0 = Debug|Any CPU
		{6FFA0B15-74D8-4091-A601-12BB9E921660}.Release|Any CPU.ActiveCfg = Release|Any CPU
		{6FFA0B15-74D8-4091-A601-12BB9E921660}.Release|Any CPU.Build.0 = Release|Any CPU
		{1DBF5F7E-A1C8-4901-8A01-DC10F94A4D23}.Debug|Any CPU.ActiveCfg = Debug|Any CPU
		{1DBF5F7E-A1C8-4901-8A01-DC10F94A4D23}.Debug|Any CPU.Build.0 = Debug|Any CPU
		{1DBF5F7E-A1C8-4901-8A01-DC10F94A4D23}.Release|Any CPU.ActiveCfg = Release|Any CPU
		{1DBF5F7E-A1C8-4901-8A01-DC10F94A4D23}.Release|Any CPU.Build.0 = Release|Any CPU
		{E4BFE3A6-5A56-481A-AA80-625730527607}.Debug|Any CPU.ActiveCfg = Debug|Any CPU
		{E4BFE3A6-5A56-481A-AA80-625730527607}.Debug|Any CPU.Build.0 = Debug|Any CPU
		{E4BFE3A6-5A56-481A-AA80-625730527607}.Release|Any CPU.ActiveCfg = Release|Any CPU
		{E4BFE3A6-5A56-481A-AA80-625730527607}.Release|Any CPU.Build.0 = Release|Any CPU
		{37284B3D-AB81-4D01-A101-CA8703B76C89}.Debug|Any CPU.ActiveCfg = Debug|Any CPU
		{37284B3D-AB81-4D01-A101-CA8703B76C89}.Debug|Any CPU.Build.0 = Debug|Any CPU
		{37284B3D-AB81-4D01-A101-CA8703B76C89}.Release|Any CPU.ActiveCfg = Release|Any CPU
		{37284B3D-AB81-4D01-A101-CA8703B76C89}.Release|Any CPU.Build.0 = Release|Any CPU
		{E19BF24D-4AA3-4D96-98EE-6B8D59E4505F}.Debug|Any CPU.ActiveCfg = Debug|Any CPU
		{E19BF24D-4AA3-4D96-98EE-6B8D59E4505F}.Debug|Any CPU.Build.0 = Debug|Any CPU
		{E19BF24D-4AA3-4D96-98EE-6B8D59E4505F}.Release|Any CPU.ActiveCfg = Release|Any CPU
		{E19BF24D-4AA3-4D96-98EE-6B8D59E4505F}.Release|Any CPU.Build.0 = Release|Any CPU
		{6F67340A-8FB0-4F6A-BC34-C87CD80B8835}.Debug|Any CPU.ActiveCfg = Debug|Any CPU
		{6F67340A-8FB0-4F6A-BC34-C87CD80B8835}.Debug|Any CPU.Build.0 = Debug|Any CPU
		{6F67340A-8FB0-4F6A-BC34-C87CD80B8835}.Release|Any CPU.ActiveCfg = Release|Any CPU
		{6F67340A-8FB0-4F6A-BC34-C87CD80B8835}.Release|Any CPU.Build.0 = Release|Any CPU
		{FFB91AB1-6279-417C-AE4A-4909172A5297}.Debug|Any CPU.ActiveCfg = Debug|Any CPU
		{FFB91AB1-6279-417C-AE4A-4909172A5297}.Debug|Any CPU.Build.0 = Debug|Any CPU
		{FFB91AB1-6279-417C-AE4A-4909172A5297}.Release|Any CPU.ActiveCfg = Release|Any CPU
		{FFB91AB1-6279-417C-AE4A-4909172A5297}.Release|Any CPU.Build.0 = Release|Any CPU
		{93635542-F616-41E4-B67B-A2BE9113F206}.Debug|Any CPU.ActiveCfg = Debug|Any CPU
		{93635542-F616-41E4-B67B-A2BE9113F206}.Debug|Any CPU.Build.0 = Debug|Any CPU
		{93635542-F616-41E4-B67B-A2BE9113F206}.Release|Any CPU.ActiveCfg = Release|Any CPU
		{93635542-F616-41E4-B67B-A2BE9113F206}.Release|Any CPU.Build.0 = Release|Any CPU
	EndGlobalSection
	GlobalSection(SolutionProperties) = preSolution
		HideSolutionNode = FALSE
	EndGlobalSection
	GlobalSection(NestedProjects) = preSolution
		{A14AFD6C-AC5A-4C99-8599-38D09E4D871A} = {82129963-D75C-45B5-993B-EB38712D9F0D}
		{6FFA0B15-74D8-4091-A601-12BB9E921660} = {3998899A-EB7E-490D-AF7E-AE63181F4CD0}
		{1DBF5F7E-A1C8-4901-8A01-DC10F94A4D23} = {3998899A-EB7E-490D-AF7E-AE63181F4CD0}
		{E4BFE3A6-5A56-481A-AA80-625730527607} = {219C58A6-7B3A-46CA-BCD3-E7459D9BE0D3}
		{C2F046E6-DCF1-49E2-A0B2-BB2BBB08C223} = {AA0C40B2-8BD6-454D-B7C0-AB85F74D4FAC}
		{37284B3D-AB81-4D01-A101-CA8703B76C89} = {C2F046E6-DCF1-49E2-A0B2-BB2BBB08C223}
		{692D5931-370C-4436-AB9B-3BF8D8C98258} = {AA0C40B2-8BD6-454D-B7C0-AB85F74D4FAC}
		{E19BF24D-4AA3-4D96-98EE-6B8D59E4505F} = {692D5931-370C-4436-AB9B-3BF8D8C98258}
		{66B61A9A-B629-4A22-B8D4-9EAE270DDB33} = {AA0C40B2-8BD6-454D-B7C0-AB85F74D4FAC}
		{6F67340A-8FB0-4F6A-BC34-C87CD80B8835} = {66B61A9A-B629-4A22-B8D4-9EAE270DDB33}
		{FFB91AB1-6279-417C-AE4A-4909172A5297} = {AA0C40B2-8BD6-454D-B7C0-AB85F74D4FAC}
		{C9250D62-50BF-4B15-9462-A74C2B8A0D89} = {5AA20C4F-3365-45BC-AF69-311731E19A61}
		{93635542-F616-41E4-B67B-A2BE9113F206} = {C9250D62-50BF-4B15-9462-A74C2B8A0D89}
	EndGlobalSection
	GlobalSection(ExtensibilityGlobals) = postSolution
		SolutionGuid = {B7D04276-AC88-452C-B232-AD2F64AB7261}
	EndGlobalSection
EndGlobal
